
Microsoft Visual Studio Solution File, Format Version 12.00
# Visual Studio Version 16
VisualStudioVersion = 16.0.35130.168
MinimumVisualStudioVersion = 10.0.40219.1
Project("{FAE04EC0-301F-11D3-BF4B-00C04F79EFBC}") = "Homework1", "Homework1\Homework1.csproj", "{0C1EACA1-2A47-4939-8D01-4D26ABD57BB3}"
EndProject
Global
	GlobalSection(SolutionConfigurationPlatforms) = preSolution
		Debug|Any CPU = Debug|Any CPU
		Release|Any CPU = Release|Any CPU
	EndGlobalSection
	GlobalSection(ProjectConfigurationPlatforms) = postSolution
		{0C1EACA1-2A47-4939-8D01-4D26ABD57BB3}.Debug|Any CPU.ActiveCfg = Debug|Any CPU
		{0C1EACA1-2A47-4939-8D01-4D26ABD57BB3}.Debug|Any CPU.Build.0 = Debug|Any CPU
		{0C1EACA1-2A47-4939-8D01-4D26ABD57BB3}.Release|Any CPU.ActiveCfg = Release|Any CPU
		{0C1EACA1-2A47-4939-8D01-4D26ABD57BB3}.Release|Any CPU.Build.0 = Release|Any CPU
	EndGlobalSection
	GlobalSection(SolutionProperties) = preSolution
		HideSolutionNode = FALSE
	EndGlobalSection
	GlobalSection(ExtensibilityGlobals) = postSolution
		SolutionGuid = {B390AA8C-44C8-48CD-97D0-A846DA2D4376}
	EndGlobalSection
EndGlobal
